// !$*UTF8*$!
{
	archiveVersion = 1;
	classes = {
	};
	objectVersion = 46;
	objects = {

/* Begin PBXBuildFile section */
		EA0842C01C248EDB00FD9164 /* whh.m in Sources */ = {isa = PBXBuildFile; fileRef = EA0842BF1C248EDB00FD9164 /* whh.m */; };
		EA86FC931C247D1E0094E577 /* main.m in Sources */ = {isa = PBXBuildFile; fileRef = EA86FC921C247D1E0094E577 /* main.m */; };
		EA86FC961C247D1E0094E577 /* AppDelegate.m in Sources */ = {isa = PBXBuildFile; fileRef = EA86FC951C247D1E0094E577 /* AppDelegate.m */; };
		EA86FC991C247D1E0094E577 /* ViewController.m in Sources */ = {isa = PBXBuildFile; fileRef = EA86FC981C247D1E0094E577 /* ViewController.m */; };
		EA86FC9C1C247D1E0094E577 /* Main.storyboard in Resources */ = {isa = PBXBuildFile; fileRef = EA86FC9A1C247D1E0094E577 /* Main.storyboard */; };
		EA86FC9E1C247D1E0094E577 /* Assets.xcassets in Resources */ = {isa = PBXBuildFile; fileRef = EA86FC9D1C247D1E0094E577 /* Assets.xcassets */; };
		EA86FCA11C247D1E0094E577 /* LaunchScreen.storyboard in Resources */ = {isa = PBXBuildFile; fileRef = EA86FC9F1C247D1E0094E577 /* LaunchScreen.storyboard */; };
		EA86FCAC1C247D1E0094E577 /* w123Tests.m in Sources */ = {isa = PBXBuildFile; fileRef = EA86FCAB1C247D1E0094E577 /* w123Tests.m */; };
		EA86FCB71C247D1E0094E577 /* w123UITests.m in Sources */ = {isa = PBXBuildFile; fileRef = EA86FCB61C247D1E0094E577 /* w123UITests.m */; };
/* End PBXBuildFile section */

/* Begin PBXContainerItemProxy section */
		EA86FCA81C247D1E0094E577 /* PBXContainerItemProxy */ = {
			isa = PBXContainerItemProxy;
			containerPortal = EA86FC861C247D1E0094E577 /* Project object */;
			proxyType = 1;
			remoteGlobalIDString = EA86FC8D1C247D1E0094E577;
			remoteInfo = w123;
		};
		EA86FCB31C247D1E0094E577 /* PBXContainerItemProxy */ = {
			isa = PBXContainerItemProxy;
			containerPortal = EA86FC861C247D1E0094E577 /* Project object */;
			proxyType = 1;
			remoteGlobalIDString = EA86FC8D1C247D1E0094E577;
			remoteInfo = w123;
		};
/* End PBXContainerItemProxy section */

/* Begin PBXFileReference section */
		EA0842BE1C248EDB00FD9164 /* whh.h */ = {isa = PBXFileReference; fileEncoding = 4; lastKnownFileType = sourcecode.c.h; path = whh.h; sourceTree = "<group>"; };
		EA0842BF1C248EDB00FD9164 /* whh.m */ = {isa = PBXFileReference; fileEncoding = 4; lastKnownFileType = sourcecode.c.objc; path = whh.m; sourceTree = "<group>"; };
		EA86FC8E1C247D1E0094E577 /* w123.app */ = {isa = PBXFileReference; explicitFileType = wrapper.application; includeInIndex = 0; path = w123.app; sourceTree = BUILT_PRODUCTS_DIR; };
		EA86FC921C247D1E0094E577 /* main.m */ = {isa = PBXFileReference; lastKnownFileType = sourcecode.c.objc; path = main.m; sourceTree = "<group>"; };
		EA86FC941C247D1E0094E577 /* AppDelegate.h */ = {isa = PBXFileReference; lastKnownFileType = sourcecode.c.h; path = AppDelegate.h; sourceTree = "<group>"; };
		EA86FC951C247D1E0094E577 /* AppDelegate.m */ = {isa = PBXFileReference; lastKnownFileType = sourcecode.c.objc; path = AppDelegate.m; sourceTree = "<group>"; };
		EA86FC971C247D1E0094E577 /* ViewController.h */ = {isa = PBXFileReference; lastKnownFileType = sourcecode.c.h; path = ViewController.h; sourceTree = "<group>"; };
		EA86FC981C247D1E0094E577 /* ViewController.m */ = {isa = PBXFileReference; lastKnownFileType = sourcecode.c.objc; path = ViewController.m; sourceTree = "<group>"; };
		EA86FC9B1C247D1E0094E577 /* Base */ = {isa = PBXFileReference; lastKnownFileType = file.storyboard; name = Base; path = Base.lproj/Main.storyboard; sourceTree = "<group>"; };
		EA86FC9D1C247D1E0094E577 /* Assets.xcassets */ = {isa = PBXFileReference; lastKnownFileType = folder.assetcatalog; path = Assets.xcassets; sourceTree = "<group>"; };
		EA86FCA01C247D1E0094E577 /* Base */ = {isa = PBXFileReference; lastKnownFileType = file.storyboard; name = Base; path = Base.lproj/LaunchScreen.storyboard; sourceTree = "<group>"; };
		EA86FCA21C247D1E0094E577 /* Info.plist */ = {isa = PBXFileReference; lastKnownFileType = text.plist.xml; path = Info.plist; sourceTree = "<group>"; };
		EA86FCA71C247D1E0094E577 /* w123Tests.xctest */ = {isa = PBXFileReference; explicitFileType = wrapper.cfbundle; includeInIndex = 0; path = w123Tests.xctest; sourceTree = BUILT_PRODUCTS_DIR; };
		EA86FCAB1C247D1E0094E577 /* w123Tests.m */ = {isa = PBXFileReference; lastKnownFileType = sourcecode.c.objc; path = w123Tests.m; sourceTree = "<group>"; };
		EA86FCAD1C247D1E0094E577 /* Info.plist */ = {isa = PBXFileReference; lastKnownFileType = text.plist.xml; path = Info.plist; sourceTree = "<group>"; };
		EA86FCB21C247D1E0094E577 /* w123UITests.xctest */ = {isa = PBXFileReference; explicitFileType = wrapper.cfbundle; includeInIndex = 0; path = w123UITests.xctest; sourceTree = BUILT_PRODUCTS_DIR; };
		EA86FCB61C247D1E0094E577 /* w123UITests.m */ = {isa = PBXFileReference; lastKnownFileType = sourcecode.c.objc; path = w123UITests.m; sourceTree = "<group>"; };
		EA86FCB81C247D1E0094E577 /* Info.plist */ = {isa = PBXFileReference; lastKnownFileType = text.plist.xml; path = Info.plist; sourceTree = "<group>"; };
/* End PBXFileReference section */

/* Begin PBXFrameworksBuildPhase section */
		EA86FC8B1C247D1E0094E577 /* Frameworks */ = {
			isa = PBXFrameworksBuildPhase;
			buildActionMask = 2147483647;
			files = (
			);
			runOnlyForDeploymentPostprocessing = 0;
		};
		EA86FCA41C247D1E0094E577 /* Frameworks */ = {
			isa = PBXFrameworksBuildPhase;
			buildActionMask = 2147483647;
			files = (
			);
			runOnlyForDeploymentPostprocessing = 0;
		};
		EA86FCAF1C247D1E0094E577 /* Frameworks */ = {
			isa = PBXFrameworksBuildPhase;
			buildActionMask = 2147483647;
			files = (
			);
			runOnlyForDeploymentPostprocessing = 0;
		};
/* End PBXFrameworksBuildPhase section */

/* Begin PBXGroup section */
		EA86FC851C247D1E0094E577 = {
			isa = PBXGroup;
			children = (
				EA86FC901C247D1E0094E577 /* w123 */,
				EA86FCAA1C247D1E0094E577 /* w123Tests */,
				EA86FCB51C247D1E0094E577 /* w123UITests */,
				EA86FC8F1C247D1E0094E577 /* Products */,
			);
			sourceTree = "<group>";
		};
		EA86FC8F1C247D1E0094E577 /* Products */ = {
			isa = PBXGroup;
			children = (
				EA86FC8E1C247D1E0094E577 /* w123.app */,
				EA86FCA71C247D1E0094E577 /* w123Tests.xctest */,
				EA86FCB21C247D1E0094E577 /* w123UITests.xctest */,
			);
			name = Products;
			sourceTree = "<group>";
		};
		EA86FC901C247D1E0094E577 /* w123 */ = {
			isa = PBXGroup;
			children = (
				EA86FC941C247D1E0094E577 /* AppDelegate.h */,
				EA86FC951C247D1E0094E577 /* AppDelegate.m */,
				EA86FC971C247D1E0094E577 /* ViewController.h */,
				EA86FC981C247D1E0094E577 /* ViewController.m */,
				EA0842BE1C248EDB00FD9164 /* whh.h */,
				EA0842BF1C248EDB00FD9164 /* whh.m */,
				EA86FC9A1C247D1E0094E577 /* Main.storyboard */,
				EA86FC9D1C247D1E0094E577 /* Assets.xcassets */,
				EA86FC9F1C247D1E0094E577 /* LaunchScreen.storyboard */,
				EA86FCA21C247D1E0094E577 /* Info.plist */,
				EA86FC911C247D1E0094E577 /* Supporting Files */,
			);
			path = w123;
			sourceTree = "<group>";
		};
		EA86FC911C247D1E0094E577 /* Supporting Files */ = {
			isa = PBXGroup;
			children = (
				EA86FC921C247D1E0094E577 /* main.m */,
			);
			name = "Supporting Files";
			sourceTree = "<group>";
		};
		EA86FCAA1C247D1E0094E577 /* w123Tests */ = {
			isa = PBXGroup;
			children = (
				EA86FCAB1C247D1E0094E577 /* w123Tests.m */,
				EA86FCAD1C247D1E0094E577 /* Info.plist */,
			);
			path = w123Tests;
			sourceTree = "<group>";
		};
		EA86FCB51C247D1E0094E577 /* w123UITests */ = {
			isa = PBXGroup;
			children = (
				EA86FCB61C247D1E0094E577 /* w123UITests.m */,
				EA86FCB81C247D1E0094E577 /* Info.plist */,
			);
			path = w123UITests;
			sourceTree = "<group>";
		};
/* End PBXGroup section */

/* Begin PBXNativeTarget section */
		EA86FC8D1C247D1E0094E577 /* w123 */ = {
			isa = PBXNativeTarget;
			buildConfigurationList = EA86FCBB1C247D1E0094E577 /* Build configuration list for PBXNativeTarget "w123" */;
			buildPhases = (
				EA86FC8A1C247D1E0094E577 /* Sources */,
				EA86FC8B1C247D1E0094E577 /* Frameworks */,
				EA86FC8C1C247D1E0094E577 /* Resources */,
			);
			buildRules = (
			);
			dependencies = (
			);
			name = w123;
			productName = w123;
			productReference = EA86FC8E1C247D1E0094E577 /* w123.app */;
			productType = "com.apple.product-type.application";
		};
		EA86FCA61C247D1E0094E577 /* w123Tests */ = {
			isa = PBXNativeTarget;
			buildConfigurationList = EA86FCBE1C247D1E0094E577 /* Build configuration list for PBXNativeTarget "w123Tests" */;
			buildPhases = (
				EA86FCA31C247D1E0094E577 /* Sources */,
				EA86FCA41C247D1E0094E577 /* Frameworks */,
				EA86FCA51C247D1E0094E577 /* Resources */,
			);
			buildRules = (
			);
			dependencies = (
				EA86FCA91C247D1E0094E577 /* PBXTargetDependency */,
			);
			name = w123Tests;
			productName = w123Tests;
			productReference = EA86FCA71C247D1E0094E577 /* w123Tests.xctest */;
			productType = "com.apple.product-type.bundle.unit-test";
		};
		EA86FCB11C247D1E0094E577 /* w123UITests */ = {
			isa = PBXNativeTarget;
			buildConfigurationList = EA86FCC11C247D1E0094E577 /* Build configuration list for PBXNativeTarget "w123UITests" */;
			buildPhases = (
				EA86FCAE1C247D1E0094E577 /* Sources */,
				EA86FCAF1C247D1E0094E577 /* Frameworks */,
				EA86FCB01C247D1E0094E577 /* Resources */,
			);
			buildRules = (
			);
			dependencies = (
				EA86FCB41C247D1E0094E577 /* PBXTargetDependency */,
			);
			name = w123UITests;
			productName = w123UITests;
			productReference = EA86FCB21C247D1E0094E577 /* w123UITests.xctest */;
			productType = "com.apple.product-type.bundle.ui-testing";
		};
/* End PBXNativeTarget section */

/* Begin PBXProject section */
		EA86FC861C247D1E0094E577 /* Project object */ = {
			isa = PBXProject;
			attributes = {
				LastUpgradeCheck = 0720;
				ORGANIZATIONNAME = whh;
				TargetAttributes = {
					EA86FC8D1C247D1E0094E577 = {
						CreatedOnToolsVersion = 7.2;
					};
					EA86FCA61C247D1E0094E577 = {
						CreatedOnToolsVersion = 7.2;
						TestTargetID = EA86FC8D1C247D1E0094E577;
					};
					EA86FCB11C247D1E0094E577 = {
						CreatedOnToolsVersion = 7.2;
						TestTargetID = EA86FC8D1C247D1E0094E577;
					};
				};
			};
			buildConfigurationList = EA86FC891C247D1E0094E577 /* Build configuration list for PBXProject "w123" */;
			compatibilityVersion = "Xcode 3.2";
			developmentRegion = English;
			hasScannedForEncodings = 0;
			knownRegions = (
				en,
				Base,
			);
			mainGroup = EA86FC851C247D1E0094E577;
			productRefGroup = EA86FC8F1C247D1E0094E577 /* Products */;
			projectDirPath = "";
			projectRoot = "";
			targets = (
				EA86FC8D1C247D1E0094E577 /* w123 */,
				EA86FCA61C247D1E0094E577 /* w123Tests */,
				EA86FCB11C247D1E0094E577 /* w123UITests */,
			);
		};
/* End PBXProject section */

/* Begin PBXResourcesBuildPhase section */
		EA86FC8C1C247D1E0094E577 /* Resources */ = {
			isa = PBXResourcesBuildPhase;
			buildActionMask = 2147483647;
			files = (
				EA86FCA11C247D1E0094E577 /* LaunchScreen.storyboard in Resources */,
				EA86FC9E1C247D1E0094E577 /* Assets.xcassets in Resources */,
				EA86FC9C1C247D1E0094E577 /* Main.storyboard in Resources */,
			);
			runOnlyForDeploymentPostprocessing = 0;
		};
		EA86FCA51C247D1E0094E577 /* Resources */ = {
			isa = PBXResourcesBuildPhase;
			buildActionMask = 2147483647;
			files = (
			);
			runOnlyForDeploymentPostprocessing = 0;
		};
		EA86FCB01C247D1E0094E577 /* Resources */ = {
			isa = PBXResourcesBuildPhase;
			buildActionMask = 2147483647;
			files = (
			);
			runOnlyForDeploymentPostprocessing = 0;
		};
/* End PBXResourcesBuildPhase section */

/* Begin PBXSourcesBuildPhase section */
		EA86FC8A1C247D1E0094E577 /* Sources */ = {
			isa = PBXSourcesBuildPhase;
			buildActionMask = 2147483647;
			files = (
				EA86FC991C247D1E0094E577 /* ViewController.m in Sources */,
				EA86FC961C247D1E0094E577 /* AppDelegate.m in Sources */,
				EA86FC931C247D1E0094E577 /* main.m in Sources */,
				EA0842C01C248EDB00FD9164 /* whh.m in Sources */,
			);
			runOnlyForDeploymentPostprocessing = 0;
		};
		EA86FCA31C247D1E0094E577 /* Sources */ = {
			isa = PBXSourcesBuildPhase;
			buildActionMask = 2147483647;
			files = (
				EA86FCAC1C247D1E0094E577 /* w123Tests.m in Sources */,
			);
			runOnlyForDeploymentPostprocessing = 0;
		};
		EA86FCAE1C247D1E0094E577 /* Sources */ = {
			isa = PBXSourcesBuildPhase;
			buildActionMask = 2147483647;
			files = (
				EA86FCB71C247D1E0094E577 /* w123UITests.m in Sources */,
			);
			runOnlyForDeploymentPostprocessing = 0;
		};
/* End PBXSourcesBuildPhase section */

/* Begin PBXTargetDependency section */
		EA86FCA91C247D1E0094E577 /* PBXTargetDependency */ = {
			isa = PBXTargetDependency;
			target = EA86FC8D1C247D1E0094E577 /* w123 */;
			targetProxy = EA86FCA81C247D1E0094E577 /* PBXContainerItemProxy */;
		};
		EA86FCB41C247D1E0094E577 /* PBXTargetDependency */ = {
			isa = PBXTargetDependency;
			target = EA86FC8D1C247D1E0094E577 /* w123 */;
			targetProxy = EA86FCB31C247D1E0094E577 /* PBXContainerItemProxy */;
		};
/* End PBXTargetDependency section */

/* Begin PBXVariantGroup section */
		EA86FC9A1C247D1E0094E577 /* Main.storyboard */ = {
			isa = PBXVariantGroup;
			children = (
				EA86FC9B1C247D1E0094E577 /* Base */,
			);
			name = Main.storyboard;
			sourceTree = "<group>";
		};
		EA86FC9F1C247D1E0094E577 /* LaunchScreen.storyboard */ = {
			isa = PBXVariantGroup;
			children = (
				EA86FCA01C247D1E0094E577 /* Base */,
			);
			name = LaunchScreen.storyboard;
			sourceTree = "<group>";
		};
/* End PBXVariantGroup section */

/* Begin XCBuildConfiguration section */
		EA86FCB91C247D1E0094E577 /* Debug */ = {
			isa = XCBuildConfiguration;
			buildSettings = {
				ALWAYS_SEARCH_USER_PATHS = NO;
				CLANG_CXX_LANGUAGE_STANDARD = "gnu++0x";
				CLANG_CXX_LIBRARY = "libc++";
				CLANG_ENABLE_MODULES = YES;
				CLANG_ENABLE_OBJC_ARC = YES;
				CLANG_WARN_BOOL_CONVERSION = YES;
				CLANG_WARN_CONSTANT_CONVERSION = YES;
				CLANG_WARN_DIRECT_OBJC_ISA_USAGE = YES_ERROR;
				CLANG_WARN_EMPTY_BODY = YES;
				CLANG_WARN_ENUM_CONVERSION = YES;
				CLANG_WARN_INT_CONVERSION = YES;
				CLANG_WARN_OBJC_ROOT_CLASS = YES_ERROR;
				CLANG_WARN_UNREACHABLE_CODE = YES;
				CLANG_WARN__DUPLICATE_METHOD_MATCH = YES;
				"CODE_SIGN_IDENTITY[sdk=iphoneos*]" = "iPhone Developer";
				COPY_PHASE_STRIP = NO;
				DEBUG_INFORMATION_FORMAT = dwarf;
				ENABLE_STRICT_OBJC_MSGSEND = YES;
				ENABLE_TESTABILITY = YES;
				GCC_C_LANGUAGE_STANDARD = gnu99;
				GCC_DYNAMIC_NO_PIC = NO;
				GCC_NO_COMMON_BLOCKS = YES;
				GCC_OPTIMIZATION_LEVEL = 0;
				GCC_PREPROCESSOR_DEFINITIONS = (
					"DEBUG=1",
					"$(inherited)",
				);
				GCC_WARN_64_TO_32_BIT_CONVERSION = YES;
				GCC_WARN_ABOUT_RETURN_TYPE = YES_ERROR;
				GCC_WARN_UNDECLARED_SELECTOR = YES;
				GCC_WARN_UNINITIALIZED_AUTOS = YES_AGGRESSIVE;
				GCC_WARN_UNUSED_FUNCTION = YES;
				GCC_WARN_UNUSED_VARIABLE = YES;
				IPHONEOS_DEPLOYMENT_TARGET = 9.2;
				MTL_ENABLE_DEBUG_INFO = YES;
				ONLY_ACTIVE_ARCH = YES;
				SDKROOT = iphoneos;
				TARGETED_DEVICE_FAMILY = "1,2";
			};
			name = Debug;
		};
		EA86FCBA1C247D1E0094E577 /* Release */ = {
			isa = XCBuildConfiguration;
			buildSettings = {
				ALWAYS_SEARCH_USER_PATHS = NO;
				CLANG_CXX_LANGUAGE_STANDARD = "gnu++0x";
				CLANG_CXX_LIBRARY = "libc++";
				CLANG_ENABLE_MODULES = YES;
				CLANG_ENABLE_OBJC_ARC = YES;
				CLANG_WARN_BOOL_CONVERSION = YES;
				CLANG_WARN_CONSTANT_CONVERSION = YES;
				CLANG_WARN_DIRECT_OBJC_ISA_USAGE = YES_ERROR;
				CLANG_WARN_EMPTY_BODY = YES;
				CLANG_WARN_ENUM_CONVERSION = YES;
				CLANG_WARN_INT_CONVERSION = YES;
				CLANG_WARN_OBJC_ROOT_CLASS = YES_ERROR;
				CLANG_WARN_UNREACHABLE_CODE = YES;
				CLANG_WARN__DUPLICATE_METHOD_MATCH = YES;
				"CODE_SIGN_IDENTITY[sdk=iphoneos*]" = "iPhone Developer";
				COPY_PHASE_STRIP = NO;
				DEBUG_INFORMATION_FORMAT = "dwarf-with-dsym";
				ENABLE_NS_ASSERTIONS = NO;
				ENABLE_STRICT_OBJC_MSGSEND = YES;
				GCC_C_LANGUAGE_STANDARD = gnu99;
				GCC_NO_COMMON_BLOCKS = YES;
				GCC_WARN_64_TO_32_BIT_CONVERSION = YES;
				GCC_WARN_ABOUT_RETURN_TYPE = YES_ERROR;
				GCC_WARN_UNDECLARED_SELECTOR = YES;
				GCC_WARN_UNINITIALIZED_AUTOS = YES_AGGRESSIVE;
				GCC_WARN_UNUSED_FUNCTION = YES;
				GCC_WARN_UNUSED_VARIABLE = YES;
				IPHONEOS_DEPLOYMENT_TARGET = 9.2;
				MTL_ENABLE_DEBUG_INFO = NO;
				SDKROOT = iphoneos;
				TARGETED_DEVICE_FAMILY = "1,2";
				VALIDATE_PRODUCT = YES;
			};
			name = Release;
		};
		EA86FCBC1C247D1E0094E577 /* Debug */ = {
			isa = XCBuildConfiguration;
			buildSettings = {
				ASSETCATALOG_COMPILER_APPICON_NAME = AppIcon;
				INFOPLIST_FILE = w123/Info.plist;
				LD_RUNPATH_SEARCH_PATHS = "$(inherited) @executable_path/Frameworks";
				PRODUCT_BUNDLE_IDENTIFIER = com.whh.w123;
				PRODUCT_NAME = "$(TARGET_NAME)";
			};
			name = Debug;
		};
		EA86FCBD1C247D1E0094E577 /* Release */ = {
			isa = XCBuildConfiguration;
			buildSettings = {
				ASSETCATALOG_COMPILER_APPICON_NAME = AppIcon;
				INFOPLIST_FILE = w123/Info.plist;
				LD_RUNPATH_SEARCH_PATHS = "$(inherited) @executable_path/Frameworks";
				PRODUCT_BUNDLE_IDENTIFIER = com.whh.w123;
				PRODUCT_NAME = "$(TARGET_NAME)";
			};
			name = Release;
		};
		EA86FCBF1C247D1E0094E577 /* Debug */ = {
			isa = XCBuildConfiguration;
			buildSettings = {
				BUNDLE_LOADER = "$(TEST_HOST)";
				INFOPLIST_FILE = w123Tests/Info.plist;
				LD_RUNPATH_SEARCH_PATHS = "$(inherited) @executable_path/Frameworks @loader_path/Frameworks";
				PRODUCT_BUNDLE_IDENTIFIER = com.whh.w123Tests;
				PRODUCT_NAME = "$(TARGET_NAME)";
				TEST_HOST = "$(BUILT_PRODUCTS_DIR)/w123.app/w123";
			};
			name = Debug;
		};
		EA86FCC01C247D1E0094E577 /* Release */ = {
			isa = XCBuildConfiguration;
			buildSettings = {
				BUNDLE_LOADER = "$(TEST_HOST)";
				INFOPLIST_FILE = w123Tests/Info.plist;
				LD_RUNPATH_SEARCH_PATHS = "$(inherited) @executable_path/Frameworks @loader_path/Frameworks";
				PRODUCT_BUNDLE_IDENTIFIER = com.whh.w123Tests;
				PRODUCT_NAME = "$(TARGET_NAME)";
				TEST_HOST = "$(BUILT_PRODUCTS_DIR)/w123.app/w123";
			};
			name = Release;
		};
		EA86FCC21C247D1E0094E577 /* Debug */ = {
			isa = XCBuildConfiguration;
			buildSettings = {
				INFOPLIST_FILE = w123UITests/Info.plist;
				LD_RUNPATH_SEARCH_PATHS = "$(inherited) @executable_path/Frameworks @loader_path/Frameworks";
				PRODUCT_BUNDLE_IDENTIFIER = com.whh.w123UITests;
				PRODUCT_NAME = "$(TARGET_NAME)";
				TEST_TARGET_NAME = w123;
				USES_XCTRUNNER = YES;
			};
			name = Debug;
		};
		EA86FCC31C247D1E0094E577 /* Release */ = {
			isa = XCBuildConfiguration;
			buildSettings = {
				INFOPLIST_FILE = w123UITests/Info.plist;
				LD_RUNPATH_SEARCH_PATHS = "$(inherited) @executable_path/Frameworks @loader_path/Frameworks";
				PRODUCT_BUNDLE_IDENTIFIER = com.whh.w123UITests;
				PRODUCT_NAME = "$(TARGET_NAME)";
				TEST_TARGET_NAME = w123;
				USES_XCTRUNNER = YES;
			};
			name = Release;
		};
/* End XCBuildConfiguration section */

/* Begin XCConfigurationList section */
		EA86FC891C247D1E0094E577 /* Build configuration list for PBXProject "w123" */ = {
			isa = XCConfigurationList;
			buildConfigurations = (
				EA86FCB91C247D1E0094E577 /* Debug */,
				EA86FCBA1C247D1E0094E577 /* Release */,
			);
			defaultConfigurationIsVisible = 0;
			defaultConfigurationName = Release;
		};
		EA86FCBB1C247D1E0094E577 /* Build configuration list for PBXNativeTarget "w123" */ = {
			isa = XCConfigurationList;
			buildConfigurations = (
				EA86FCBC1C247D1E0094E577 /* Debug */,
				EA86FCBD1C247D1E0094E577 /* Release */,
			);
			defaultConfigurationIsVisible = 0;
			defaultConfigurationName = Release;
		};
		EA86FCBE1C247D1E0094E577 /* Build configuration list for PBXNativeTarget "w123Tests" */ = {
			isa = XCConfigurationList;
			buildConfigurations = (
				EA86FCBF1C247D1E0094E577 /* Debug */,
				EA86FCC01C247D1E0094E577 /* Release */,
			);
			defaultConfigurationIsVisible = 0;
			defaultConfigurationName = Release;
		};
		EA86FCC11C247D1E0094E577 /* Build configuration list for PBXNativeTarget "w123UITests" */ = {
			isa = XCConfigurationList;
			buildConfigurations = (
				EA86FCC21C247D1E0094E577 /* Debug */,
				EA86FCC31C247D1E0094E577 /* Release */,
			);
			defaultConfigurationIsVisible = 0;
			defaultConfigurationName = Release;
		};
/* End XCConfigurationList section */
	};
	rootObject = EA86FC861C247D1E0094E577 /* Project object */;
}
